
Microsoft Visual Studio Solution File, Format Version 12.00
# Visual Studio Version 17
VisualStudioVersion = 17.0.32112.339
MinimumVisualStudioVersion = 10.0.40219.1
Project("{FAE04EC0-301F-11D3-BF4B-00C04F79EFBC}") = "HelloWorld", "HelloWorld.csproj", "{CC4F50E9-E21D-43AA-BC06-5E29F5BBA722}"
EndProject
Global
	GlobalSection(SolutionConfigurationPlatforms) = preSolution
		Debug|Any CPU = Debug|Any CPU
		Release|Any CPU = Release|Any CPU
	EndGlobalSection
	GlobalSection(ProjectConfigurationPlatforms) = postSolution
		{CC4F50E9-E21D-43AA-BC06-5E29F5BBA722}.Debug|Any CPU.ActiveCfg = Debug|Any CPU
		{CC4F50E9-E21D-43AA-BC06-5E29F5BBA722}.Debug|Any CPU.Build.0 = Debug|Any CPU
		{CC4F50E9-E21D-43AA-BC06-5E29F5BBA722}.Release|Any CPU.ActiveCfg = Release|Any CPU
		{CC4F50E9-E21D-43AA-BC06-5E29F5BBA722}.Release|Any CPU.Build.0 = Release|Any CPU
	EndGlobalSection
	GlobalSection(SolutionProperties) = preSolution
		HideSolutionNode = FALSE
	EndGlobalSection
	GlobalSection(ExtensibilityGlobals) = postSolution
		SolutionGuid = {FAE457F2-D34D-4799-9764-798A839C1EF0}
	EndGlobalSection
EndGlobal
