
Microsoft Visual Studio Solution File, Format Version 12.00
# Visual Studio Version 17
VisualStudioVersion = 17.0.32112.339
MinimumVisualStudioVersion = 10.0.40219.1
Project("{FAE04EC0-301F-11D3-BF4B-00C04F79EFBC}") = "BenTestingStuff", "BenTestingStuff\BenTestingStuff.csproj", "{C4A06874-C2F7-4725-A54F-C632115835AF}"
EndProject
Project("{FAE04EC0-301F-11D3-BF4B-00C04F79EFBC}") = "HelloWorld", "HelloWorld\HelloWorld.csproj", "{EFCE8145-96D2-4114-980A-CDD7CF64E76B}"
EndProject
Global
	GlobalSection(SolutionConfigurationPlatforms) = preSolution
		Debug|Any CPU = Debug|Any CPU
		Release|Any CPU = Release|Any CPU
	EndGlobalSection
	GlobalSection(ProjectConfigurationPlatforms) = postSolution
		{C4A06874-C2F7-4725-A54F-C632115835AF}.Debug|Any CPU.ActiveCfg = Debug|Any CPU
		{C4A06874-C2F7-4725-A54F-C632115835AF}.Debug|Any CPU.Build.0 = Debug|Any CPU
		{C4A06874-C2F7-4725-A54F-C632115835AF}.Release|Any CPU.ActiveCfg = Release|Any CPU
		{C4A06874-C2F7-4725-A54F-C632115835AF}.Release|Any CPU.Build.0 = Release|Any CPU
		{EFCE8145-96D2-4114-980A-CDD7CF64E76B}.Debug|Any CPU.ActiveCfg = Debug|Any CPU
		{EFCE8145-96D2-4114-980A-CDD7CF64E76B}.Debug|Any CPU.Build.0 = Debug|Any CPU
		{EFCE8145-96D2-4114-980A-CDD7CF64E76B}.Release|Any CPU.ActiveCfg = Release|Any CPU
		{EFCE8145-96D2-4114-980A-CDD7CF64E76B}.Release|Any CPU.Build.0 = Release|Any CPU
	EndGlobalSection
	GlobalSection(SolutionProperties) = preSolution
		HideSolutionNode = FALSE
	EndGlobalSection
	GlobalSection(ExtensibilityGlobals) = postSolution
		SolutionGuid = {D3D4B570-0A0B-4242-90E3-9805B71CC86B}
	EndGlobalSection
EndGlobal
