
Microsoft Visual Studio Solution File, Format Version 12.00
# Visual Studio Version 17
VisualStudioVersion = 17.1.32414.318
MinimumVisualStudioVersion = 10.0.40219.1
Project("{FAE04EC0-301F-11D3-BF4B-00C04F79EFBC}") = "Order-IoC", "Order-IoC.csproj", "{6CCB0ACB-5115-4A91-A88B-9B56F3450EED}"
EndProject
Global
	GlobalSection(SolutionConfigurationPlatforms) = preSolution
		Debug|Any CPU = Debug|Any CPU
		Release|Any CPU = Release|Any CPU
	EndGlobalSection
	GlobalSection(ProjectConfigurationPlatforms) = postSolution
		{6CCB0ACB-5115-4A91-A88B-9B56F3450EED}.Debug|Any CPU.ActiveCfg = Debug|Any CPU
		{6CCB0ACB-5115-4A91-A88B-9B56F3450EED}.Debug|Any CPU.Build.0 = Debug|Any CPU
		{6CCB0ACB-5115-4A91-A88B-9B56F3450EED}.Release|Any CPU.ActiveCfg = Release|Any CPU
		{6CCB0ACB-5115-4A91-A88B-9B56F3450EED}.Release|Any CPU.Build.0 = Release|Any CPU
	EndGlobalSection
	GlobalSection(SolutionProperties) = preSolution
		HideSolutionNode = FALSE
	EndGlobalSection
	GlobalSection(ExtensibilityGlobals) = postSolution
		SolutionGuid = {DF911D3E-54D7-4A4C-A1ED-1EBF32B85B40}
	EndGlobalSection
EndGlobal
