
Microsoft Visual Studio Solution File, Format Version 12.00
# Visual Studio Version 17
VisualStudioVersion = 17.0.32112.339
MinimumVisualStudioVersion = 10.0.40219.1
Project("{FAE04EC0-301F-11D3-BF4B-00C04F79EFBC}") = "BenProject", "BenProject.csproj", "{EB54A99A-40FC-43C3-ADAD-256FD507ACC8}"
EndProject
Global
	GlobalSection(SolutionConfigurationPlatforms) = preSolution
		Debug|Any CPU = Debug|Any CPU
		Release|Any CPU = Release|Any CPU
	EndGlobalSection
	GlobalSection(ProjectConfigurationPlatforms) = postSolution
		{EB54A99A-40FC-43C3-ADAD-256FD507ACC8}.Debug|Any CPU.ActiveCfg = Debug|Any CPU
		{EB54A99A-40FC-43C3-ADAD-256FD507ACC8}.Debug|Any CPU.Build.0 = Debug|Any CPU
		{EB54A99A-40FC-43C3-ADAD-256FD507ACC8}.Release|Any CPU.ActiveCfg = Release|Any CPU
		{EB54A99A-40FC-43C3-ADAD-256FD507ACC8}.Release|Any CPU.Build.0 = Release|Any CPU
	EndGlobalSection
	GlobalSection(SolutionProperties) = preSolution
		HideSolutionNode = FALSE
	EndGlobalSection
	GlobalSection(ExtensibilityGlobals) = postSolution
		SolutionGuid = {C8DBD6D6-EF7A-4556-B345-C8B9DEC6FEFF}
	EndGlobalSection
EndGlobal
